
Microsoft Visual Studio Solution File, Format Version 12.00
# Visual Studio Version 16
VisualStudioVersion = 16.0.30711.63
MinimumVisualStudioVersion = 10.0.40219.1
Project("{9A19103F-16F7-4668-BE54-9A1E7A4F7556}") = "Timey", "Timey.csproj", "{AB51FEF0-B93C-4CA7-8ED5-C1E823CB6B5E}"
EndProject
Global
	GlobalSection(SolutionConfigurationPlatforms) = preSolution
		Debug|Any CPU = Debug|Any CPU
		Release|Any CPU = Release|Any CPU
	EndGlobalSection
	GlobalSection(ProjectConfigurationPlatforms) = postSolution
		{AB51FEF0-B93C-4CA7-8ED5-C1E823CB6B5E}.Debug|Any CPU.ActiveCfg = Debug|Any CPU
		{AB51FEF0-B93C-4CA7-8ED5-C1E823CB6B5E}.Debug|Any CPU.Build.0 = Debug|Any CPU
		{AB51FEF0-B93C-4CA7-8ED5-C1E823CB6B5E}.Release|Any CPU.ActiveCfg = Release|Any CPU
		{AB51FEF0-B93C-4CA7-8ED5-C1E823CB6B5E}.Release|Any CPU.Build.0 = Release|Any CPU
	EndGlobalSection
	GlobalSection(SolutionProperties) = preSolution
		HideSolutionNode = FALSE
	EndGlobalSection
	GlobalSection(ExtensibilityGlobals) = postSolution
		SolutionGuid = {CE1444AB-3120-40E8-BE53-871A60778B96}
	EndGlobalSection
EndGlobal
